<?xml version="1.0" encoding="utf-8"?>
<Project ToolsVersion="4.0" xmlns="http://schemas.microsoft.com/developer/msbuild/2003">
  <ItemGroup>
    <MASM Include="P_0_Plantilla_.asm" />
    <MASM Include="P_1_IntroCondicionales_.asm" />
    <MASM Include="P_2_checarNumeroEsPar_.asm" />
    <MASM Include="P_3_LecturaNumeros_.asm" />
    <MASM Include="p_4_EscrituraCadenaConsola_.asm" />
    <MASM Include="P_5_SumaDosNumeros_.asm" />
    <MASM Include="P_6_Promedio_3Numeros_.asm" />
    <MASM Include="P_7_AreaRectangulo_.asm" />
    <MASM Include="P_8_PuntoMedio_.asm" />
    <MASM Include="P_9_introduccion_LOOP_.asm" />
    <MASM Include="P_10_CHECAR_PARES_CON_LOOP.ASM" />
  </ItemGroup>
  <ItemGroup>
    <Object Include="C:\Irvine\Lib32\Irvine32_Library\Debug\Irvine32.obj" />
  </ItemGroup>
</Project>